
Microsoft Visual Studio Solution File, Format Version 12.00
# Visual Studio Version 17
VisualStudioVersion = 17.2.32616.157
MinimumVisualStudioVersion = 10.0.40219.1
Project("{FAE04EC0-301F-11D3-BF4B-00C04F79EFBC}") = "GenericsFindMaximum", "GenericsFindMaximum\GenericsFindMaximum.csproj", "{F91C9135-3BD6-4DB8-8EAE-09CC7AEAF734}"
EndProject
Global
	GlobalSection(SolutionConfigurationPlatforms) = preSolution
		Debug|Any CPU = Debug|Any CPU
		Release|Any CPU = Release|Any CPU
	EndGlobalSection
	GlobalSection(ProjectConfigurationPlatforms) = postSolution
		{F91C9135-3BD6-4DB8-8EAE-09CC7AEAF734}.Debug|Any CPU.ActiveCfg = Debug|Any CPU
		{F91C9135-3BD6-4DB8-8EAE-09CC7AEAF734}.Debug|Any CPU.Build.0 = Debug|Any CPU
		{F91C9135-3BD6-4DB8-8EAE-09CC7AEAF734}.Release|Any CPU.ActiveCfg = Release|Any CPU
		{F91C9135-3BD6-4DB8-8EAE-09CC7AEAF734}.Release|Any CPU.Build.0 = Release|Any CPU
	EndGlobalSection
	GlobalSection(SolutionProperties) = preSolution
		HideSolutionNode = FALSE
	EndGlobalSection
	GlobalSection(ExtensibilityGlobals) = postSolution
		SolutionGuid = {E7725D2F-34C8-4AF8-9192-4B33DB08E40D}
	EndGlobalSection
EndGlobal
